PODS:
  - MQTTClient (0.15.3):
    - MQTTClient/Core (= 0.15.3)
  - MQTTClient/Core (0.15.3):
    - MQTTClient/Manager
    - MQTTClient/Min
  - MQTTClient/Manager (0.15.3):
    - MQTTClient/Min
  - MQTTClient/Min (0.15.3)

DEPENDENCIES:
  - MQTTClient

SPEC REPOS:
  trunk:
    - MQTTClient

SPEC CHECKSUMS:
  MQTTClient: 0dfa04e789479c2e461786464969895c1fcb0875

PODFILE CHECKSUM: 92f357d46080c001571fc4018a52072fa3832b2c

COCOAPODS: 1.10.1
