// !$*UTF8*$!
{
	archiveVersion = 1;
	classes = {
	};
	objectVersion = 51;
	objects = {

/* Begin PBXBuildFile section */
		2517667825CDE57700F4A373 /* AppDelegate.swift in Sources */ = {isa = PBXBuildFile; fileRef = 2517667725CDE57700F4A373 /* AppDelegate.swift */; };
		2517667A25CDE57700F4A373 /* SceneDelegate.swift in Sources */ = {isa = PBXBuildFile; fileRef = 2517667925CDE57700F4A373 /* SceneDelegate.swift */; };
		2517667C25CDE57700F4A373 /* ViewController.swift in Sources */ = {isa = PBXBuildFile; fileRef = 2517667B25CDE57700F4A373 /* ViewController.swift */; };
		2517667F25CDE57700F4A373 /* Main.storyboard in Resources */ = {isa = PBXBuildFile; fileRef = 2517667D25CDE57700F4A373 /* Main.storyboard */; };
		2517668125CDE57700F4A373 /* Assets.xcassets in Resources */ = {isa = PBXBuildFile; fileRef = 2517668025CDE57700F4A373 /* Assets.xcassets */; };
		2517668425CDE57700F4A373 /* LaunchScreen.storyboard in Resources */ = {isa = PBXBuildFile; fileRef = 2517668225CDE57700F4A373 /* LaunchScreen.storyboard */; };
		9E59E26668923A3E6E178834 /* Pods_SDapp.framework in Frameworks */ = {isa = PBXBuildFile; fileRef = 9556BD6B58DAFE1CEC35E0AC /* Pods_SDapp.framework */; };
/* End PBXBuildFile section */

/* Begin PBXFileReference section */
		2517667425CDE57700F4A373 /* SDapp.app */ = {isa = PBXFileReference; explicitFileType = wrapper.application; includeInIndex = 0; path = SDapp.app; sourceTree = BUILT_PRODUCTS_DIR; };
		2517667725CDE57700F4A373 /* AppDelegate.swift */ = {isa = PBXFileReference; lastKnownFileType = sourcecode.swift; path = AppDelegate.swift; sourceTree = "<group>"; };
		2517667925CDE57700F4A373 /* SceneDelegate.swift */ = {isa = PBXFileReference; lastKnownFileType = sourcecode.swift; path = SceneDelegate.swift; sourceTree = "<group>"; };
		2517667B25CDE57700F4A373 /* ViewController.swift */ = {isa = PBXFileReference; lastKnownFileType = sourcecode.swift; path = ViewController.swift; sourceTree = "<group>"; };
		2517667E25CDE57700F4A373 /* Base */ = {isa = PBXFileReference; lastKnownFileType = file.storyboard; name = Base; path = Base.lproj/Main.storyboard; sourceTree = "<group>"; };
		2517668025CDE57700F4A373 /* Assets.xcassets */ = {isa = PBXFileReference; lastKnownFileType = folder.assetcatalog; path = Assets.xcassets; sourceTree = "<group>"; };
		2517668325CDE57700F4A373 /* Base */ = {isa = PBXFileReference; lastKnownFileType = file.storyboard; name = Base; path = Base.lproj/LaunchScreen.storyboard; sourceTree = "<group>"; };
		2517668525CDE57700F4A373 /* Info.plist */ = {isa = PBXFileReference; lastKnownFileType = text.plist.xml; path = Info.plist; sourceTree = "<group>"; };
		4BFC98FF88B43A0749EFE730 /* Pods-SDapp.release.xcconfig */ = {isa = PBXFileReference; includeInIndex = 1; lastKnownFileType = text.xcconfig; name = "Pods-SDapp.release.xcconfig"; path = "Target Support Files/Pods-SDapp/Pods-SDapp.release.xcconfig"; sourceTree = "<group>"; };
		9556BD6B58DAFE1CEC35E0AC /* Pods_SDapp.framework */ = {isa = PBXFileReference; explicitFileType = wrapper.framework; includeInIndex = 0; path = Pods_SDapp.framework; sourceTree = BUILT_PRODUCTS_DIR; };
		F3FCCEFE6C75F9164C7F08F6 /* Pods-SDapp.debug.xcconfig */ = {isa = PBXFileReference; includeInIndex = 1; lastKnownFileType = text.xcconfig; name = "Pods-SDapp.debug.xcconfig"; path = "Target Support Files/Pods-SDapp/Pods-SDapp.debug.xcconfig"; sourceTree = "<group>"; };
/* End PBXFileReference section */

/* Begin PBXFrameworksBuildPhase section */
		2517667125CDE57700F4A373 /* Frameworks */ = {
			isa = PBXFrameworksBuildPhase;
			buildActionMask = 2147483647;
			files = (
				9E59E26668923A3E6E178834 /* Pods_SDapp.framework in Frameworks */,
			);
			runOnlyForDeploymentPostprocessing = 0;
		};
/* End PBXFrameworksBuildPhase section */

/* Begin PBXGroup section */
		2517666B25CDE57600F4A373 = {
			isa = PBXGroup;
			children = (
				2517667625CDE57700F4A373 /* SDapp */,
				2517667525CDE57700F4A373 /* Products */,
				3D7A6897FD5D23E0BE1379C2 /* Pods */,
				D16BBEA8314075F54D98C8D8 /* Frameworks */,
			);
			sourceTree = "<group>";
		};
		2517667525CDE57700F4A373 /* Products */ = {
			isa = PBXGroup;
			children = (
				2517667425CDE57700F4A373 /* SDapp.app */,
			);
			name = Products;
			sourceTree = "<group>";
		};
		2517667625CDE57700F4A373 /* SDapp */ = {
			isa = PBXGroup;
			children = (
				2517667725CDE57700F4A373 /* AppDelegate.swift */,
				2517667925CDE57700F4A373 /* SceneDelegate.swift */,
				2517667B25CDE57700F4A373 /* ViewController.swift */,
				2517667D25CDE57700F4A373 /* Main.storyboard */,
				2517668025CDE57700F4A373 /* Assets.xcassets */,
				2517668225CDE57700F4A373 /* LaunchScreen.storyboard */,
				2517668525CDE57700F4A373 /* Info.plist */,
			);
			path = SDapp;
			sourceTree = "<group>";
		};
		3D7A6897FD5D23E0BE1379C2 /* Pods */ = {
			isa = PBXGroup;
			children = (
				F3FCCEFE6C75F9164C7F08F6 /* Pods-SDapp.debug.xcconfig */,
				4BFC98FF88B43A0749EFE730 /* Pods-SDapp.release.xcconfig */,
			);
			path = Pods;
			sourceTree = "<group>";
		};
		D16BBEA8314075F54D98C8D8 /* Frameworks */ = {
			isa = PBXGroup;
			children = (
				9556BD6B58DAFE1CEC35E0AC /* Pods_SDapp.framework */,
			);
			name = Frameworks;
			sourceTree = "<group>";
		};
/* End PBXGroup section */

/* Begin PBXNativeTarget section */
		2517667325CDE57700F4A373 /* SDapp */ = {
			isa = PBXNativeTarget;
			buildConfigurationList = 2517668825CDE57700F4A373 /* Build configuration list for PBXNativeTarget "SDapp" */;
			buildPhases = (
				725ACAE2699CFEF0AD056E37 /* [CP] Check Pods Manifest.lock */,
				2517667025CDE57700F4A373 /* Sources */,
				2517667125CDE57700F4A373 /* Frameworks */,
				2517667225CDE57700F4A373 /* Resources */,
				55EAE9D2F357A5B408E88B59 /* [CP] Embed Pods Frameworks */,
			);
			buildRules = (
			);
			dependencies = (
			);
			name = SDapp;
			productName = SDapp;
			productReference = 2517667425CDE57700F4A373 /* SDapp.app */;
			productType = "com.apple.product-type.application";
		};
/* End PBXNativeTarget section */

/* Begin PBXProject section */
		2517666C25CDE57600F4A373 /* Project object */ = {
			isa = PBXProject;
			attributes = {
				LastSwiftUpdateCheck = 1240;
				LastUpgradeCheck = 1240;
				TargetAttributes = {
					2517667325CDE57700F4A373 = {
						CreatedOnToolsVersion = 12.4;
					};
				};
			};
			buildConfigurationList = 2517666F25CDE57600F4A373 /* Build configuration list for PBXProject "SDapp" */;
			compatibilityVersion = "Xcode 9.3";
			developmentRegion = en;
			hasScannedForEncodings = 0;
			knownRegions = (
				en,
				Base,
			);
			mainGroup = 2517666B25CDE57600F4A373;
			productRefGroup = 2517667525CDE57700F4A373 /* Products */;
			projectDirPath = "";
			projectRoot = "";
			targets = (
				2517667325CDE57700F4A373 /* SDapp */,
			);
		};
/* End PBXProject section */

/* Begin PBXResourcesBuildPhase section */
		2517667225CDE57700F4A373 /* Resources */ = {
			isa = PBXResourcesBuildPhase;
			buildActionMask = 2147483647;
			files = (
				2517668425CDE57700F4A373 /* LaunchScreen.storyboard in Resources */,
				2517668125CDE57700F4A373 /* Assets.xcassets in Resources */,
				2517667F25CDE57700F4A373 /* Main.storyboard in Resources */,
			);
			runOnlyForDeploymentPostprocessing = 0;
		};
/* End PBXResourcesBuildPhase section */

/* Begin PBXShellScriptBuildPhase section */
		55EAE9D2F357A5B408E88B59 /* [CP] Embed Pods Frameworks */ = {
			isa = PBXShellScriptBuildPhase;
			buildActionMask = 2147483647;
			files = (
			);
			inputFileListPaths = (
				"${PODS_ROOT}/Target Support Files/Pods-SDapp/Pods-SDapp-frameworks-${CONFIGURATION}-input-files.xcfilelist",
			);
			name = "[CP] Embed Pods Frameworks";
			outputFileListPaths = (
				"${PODS_ROOT}/Target Support Files/Pods-SDapp/Pods-SDapp-frameworks-${CONFIGURATION}-output-files.xcfilelist",
			);
			runOnlyForDeploymentPostprocessing = 0;
			shellPath = /bin/sh;
			shellScript = "\"${PODS_ROOT}/Target Support Files/Pods-SDapp/Pods-SDapp-frameworks.sh\"\n";
			showEnvVarsInLog = 0;
		};
		725ACAE2699CFEF0AD056E37 /* [CP] Check Pods Manifest.lock */ = {
			isa = PBXShellScriptBuildPhase;
			buildActionMask = 2147483647;
			files = (
			);
			inputFileListPaths = (
			);
			inputPaths = (
				"${PODS_PODFILE_DIR_PATH}/Podfile.lock",
				"${PODS_ROOT}/Manifest.lock",
			);
			name = "[CP] Check Pods Manifest.lock";
			outputFileListPaths = (
			);
			outputPaths = (
				"$(DERIVED_FILE_DIR)/Pods-SDapp-checkManifestLockResult.txt",
			);
			runOnlyForDeploymentPostprocessing = 0;
			shellPath = /bin/sh;
			shellScript = "diff \"${PODS_PODFILE_DIR_PATH}/Podfile.lock\" \"${PODS_ROOT}/Manifest.lock\" > /dev/null\nif [ $? != 0 ] ; then\n    # print error to STDERR\n    echo \"error: The sandbox is not in sync with the Podfile.lock. Run 'pod install' or update your CocoaPods installation.\" >&2\n    exit 1\nfi\n# This output is used by Xcode 'outputs' to avoid re-running this script phase.\necho \"SUCCESS\" > \"${SCRIPT_OUTPUT_FILE_0}\"\n";
			showEnvVarsInLog = 0;
		};
/* End PBXShellScriptBuildPhase section */

/* Begin PBXSourcesBuildPhase section */
		2517667025CDE57700F4A373 /* Sources */ = {
			isa = PBXSourcesBuildPhase;
			buildActionMask = 2147483647;
			files = (
				2517667C25CDE57700F4A373 /* ViewController.swift in Sources */,
				2517667825CDE57700F4A373 /* AppDelegate.swift in Sources */,
				2517667A25CDE57700F4A373 /* SceneDelegate.swift in Sources */,
			);
			runOnlyForDeploymentPostprocessing = 0;
		};
/* End PBXSourcesBuildPhase section */

/* Begin PBXVariantGroup section */
		2517667D25CDE57700F4A373 /* Main.storyboard */ = {
			isa = PBXVariantGroup;
			children = (
				2517667E25CDE57700F4A373 /* Base */,
			);
			name = Main.storyboard;
			sourceTree = "<group>";
		};
		2517668225CDE57700F4A373 /* LaunchScreen.storyboard */ = {
			isa = PBXVariantGroup;
			children = (
				2517668325CDE57700F4A373 /* Base */,
			);
			name = LaunchScreen.storyboard;
			sourceTree = "<group>";
		};
/* End PBXVariantGroup section */

/* Begin XCBuildConfiguration section */
		2517668625CDE57700F4A373 /* Debug */ = {
			isa = XCBuildConfiguration;
			buildSettings = {
				ALWAYS_SEARCH_USER_PATHS = NO;
				CLANG_ANALYZER_NONNULL = YES;
				CLANG_ANALYZER_NUMBER_OBJECT_CONVERSION = YES_AGGRESSIVE;
				CLANG_CXX_LANGUAGE_STANDARD = "gnu++14";
				CLANG_CXX_LIBRARY = "libc++";
				CLANG_ENABLE_MODULES = YES;
				CLANG_ENABLE_OBJC_ARC = YES;
				CLANG_ENABLE_OBJC_WEAK = YES;
				CLANG_WARN_BLOCK_CAPTURE_AUTORELEASING = YES;
				CLANG_WARN_BOOL_CONVERSION = YES;
				CLANG_WARN_COMMA = YES;
				CLANG_WARN_CONSTANT_CONVERSION = YES;
				CLANG_WARN_DEPRECATED_OBJC_IMPLEMENTATIONS = YES;
				CLANG_WARN_DIRECT_OBJC_ISA_USAGE = YES_ERROR;
				CLANG_WARN_DOCUMENTATION_COMMENTS = YES;
				CLANG_WARN_EMPTY_BODY = YES;
				CLANG_WARN_ENUM_CONVERSION = YES;
				CLANG_WARN_INFINITE_RECURSION = YES;
				CLANG_WARN_INT_CONVERSION = YES;
				CLANG_WARN_NON_LITERAL_NULL_CONVERSION = YES;
				CLANG_WARN_OBJC_IMPLICIT_RETAIN_SELF = YES;
				CLANG_WARN_OBJC_LITERAL_CONVERSION = YES;
				CLANG_WARN_OBJC_ROOT_CLASS = YES_ERROR;
				CLANG_WARN_QUOTED_INCLUDE_IN_FRAMEWORK_HEADER = YES;
				CLANG_WARN_RANGE_LOOP_ANALYSIS = YES;
				CLANG_WARN_STRICT_PROTOTYPES = YES;
				CLANG_WARN_SUSPICIOUS_MOVE = YES;
				CLANG_WARN_UNGUARDED_AVAILABILITY = YES_AGGRESSIVE;
				CLANG_WARN_UNREACHABLE_CODE = YES;
				CLANG_WARN__DUPLICATE_METHOD_MATCH = YES;
				COPY_PHASE_STRIP = NO;
				DEBUG_INFORMATION_FORMAT = dwarf;
				ENABLE_STRICT_OBJC_MSGSEND = YES;
				ENABLE_TESTABILITY = YES;
				GCC_C_LANGUAGE_STANDARD = gnu11;
				GCC_DYNAMIC_NO_PIC = NO;
				GCC_NO_COMMON_BLOCKS = YES;
				GCC_OPTIMIZATION_LEVEL = 0;
				GCC_PREPROCESSOR_DEFINITIONS = (
					"DEBUG=1",
					"$(inherited)",
				);
				GCC_WARN_64_TO_32_BIT_CONVERSION = YES;
				GCC_WARN_ABOUT_RETURN_TYPE = YES_ERROR;
				GCC_WARN_UNDECLARED_SELECTOR = YES;
				GCC_WARN_UNINITIALIZED_AUTOS = YES_AGGRESSIVE;
				GCC_WARN_UNUSED_FUNCTION = YES;
				GCC_WARN_UNUSED_VARIABLE = YES;
				IPHONEOS_DEPLOYMENT_TARGET = 14.4;
				MTL_ENABLE_DEBUG_INFO = INCLUDE_SOURCE;
				MTL_FAST_MATH = YES;
				ONLY_ACTIVE_ARCH = YES;
				SDKROOT = iphoneos;
				SWIFT_ACTIVE_COMPILATION_CONDITIONS = DEBUG;
				SWIFT_OPTIMIZATION_LEVEL = "-Onone";
			};
			name = Debug;
		};
		2517668725CDE57700F4A373 /* Release */ = {
			isa = XCBuildConfiguration;
			buildSettings = {
				ALWAYS_SEARCH_USER_PATHS = NO;
				CLANG_ANALYZER_NONNULL = YES;
				CLANG_ANALYZER_NUMBER_OBJECT_CONVERSION = YES_AGGRESSIVE;
				CLANG_CXX_LANGUAGE_STANDARD = "gnu++14";
				CLANG_CXX_LIBRARY = "libc++";
				CLANG_ENABLE_MODULES = YES;
				CLANG_ENABLE_OBJC_ARC = YES;
				CLANG_ENABLE_OBJC_WEAK = YES;
				CLANG_WARN_BLOCK_CAPTURE_AUTORELEASING = YES;
				CLANG_WARN_BOOL_CONVERSION = YES;
				CLANG_WARN_COMMA = YES;
				CLANG_WARN_CONSTANT_CONVERSION = YES;
				CLANG_WARN_DEPRECATED_OBJC_IMPLEMENTATIONS = YES;
				CLANG_WARN_DIRECT_OBJC_ISA_USAGE = YES_ERROR;
				CLANG_WARN_DOCUMENTATION_COMMENTS = YES;
				CLANG_WARN_EMPTY_BODY = YES;
				CLANG_WARN_ENUM_CONVERSION = YES;
				CLANG_WARN_INFINITE_RECURSION = YES;
				CLANG_WARN_INT_CONVERSION = YES;
				CLANG_WARN_NON_LITERAL_NULL_CONVERSION = YES;
				CLANG_WARN_OBJC_IMPLICIT_RETAIN_SELF = YES;
				CLANG_WARN_OBJC_LITERAL_CONVERSION = YES;
				CLANG_WARN_OBJC_ROOT_CLASS = YES_ERROR;
				CLANG_WARN_QUOTED_INCLUDE_IN_FRAMEWORK_HEADER = YES;
				CLANG_WARN_RANGE_LOOP_ANALYSIS = YES;
				CLANG_WARN_STRICT_PROTOTYPES = YES;
				CLANG_WARN_SUSPICIOUS_MOVE = YES;
				CLANG_WARN_UNGUARDED_AVAILABILITY = YES_AGGRESSIVE;
				CLANG_WARN_UNREACHABLE_CODE = YES;
				CLANG_WARN__DUPLICATE_METHOD_MATCH = YES;
				COPY_PHASE_STRIP = NO;
				DEBUG_INFORMATION_FORMAT = "dwarf-with-dsym";
				ENABLE_NS_ASSERTIONS = NO;
				ENABLE_STRICT_OBJC_MSGSEND = YES;
				GCC_C_LANGUAGE_STANDARD = gnu11;
				GCC_NO_COMMON_BLOCKS = YES;
				GCC_WARN_64_TO_32_BIT_CONVERSION = YES;
				GCC_WARN_ABOUT_RETURN_TYPE = YES_ERROR;
				GCC_WARN_UNDECLARED_SELECTOR = YES;
				GCC_WARN_UNINITIALIZED_AUTOS = YES_AGGRESSIVE;
				GCC_WARN_UNUSED_FUNCTION = YES;
				GCC_WARN_UNUSED_VARIABLE = YES;
				IPHONEOS_DEPLOYMENT_TARGET = 14.4;
				MTL_ENABLE_DEBUG_INFO = NO;
				MTL_FAST_MATH = YES;
				SDKROOT = iphoneos;
				SWIFT_COMPILATION_MODE = wholemodule;
				SWIFT_OPTIMIZATION_LEVEL = "-O";
				VALIDATE_PRODUCT = YES;
			};
			name = Release;
		};
		2517668925CDE57700F4A373 /* Debug */ = {
			isa = XCBuildConfiguration;
			baseConfigurationReference = F3FCCEFE6C75F9164C7F08F6 /* Pods-SDapp.debug.xcconfig */;
			buildSettings = {
				ASSETCATALOG_COMPILER_APPICON_NAME = AppIcon;
				ASSETCATALOG_COMPILER_GLOBAL_ACCENT_COLOR_NAME = AccentColor;
				CODE_SIGN_STYLE = Automatic;
				INFOPLIST_FILE = SDapp/Info.plist;
				LD_RUNPATH_SEARCH_PATHS = (
					"$(inherited)",
					"@executable_path/Frameworks",
				);
				PRODUCT_BUNDLE_IDENTIFIER = HSY.SDapp;
				PRODUCT_NAME = "$(TARGET_NAME)";
				SWIFT_VERSION = 5.0;
				TARGETED_DEVICE_FAMILY = "1,2";
			};
			name = Debug;
		};
		2517668A25CDE57700F4A373 /* Release */ = {
			isa = XCBuildConfiguration;
			baseConfigurationReference = 4BFC98FF88B43A0749EFE730 /* Pods-SDapp.release.xcconfig */;
			buildSettings = {
				ASSETCATALOG_COMPILER_APPICON_NAME = AppIcon;
				ASSETCATALOG_COMPILER_GLOBAL_ACCENT_COLOR_NAME = AccentColor;
				CODE_SIGN_STYLE = Automatic;
				INFOPLIST_FILE = SDapp/Info.plist;
				LD_RUNPATH_SEARCH_PATHS = (
					"$(inherited)",
					"@executable_path/Frameworks",
				);
				PRODUCT_BUNDLE_IDENTIFIER = HSY.SDapp;
				PRODUCT_NAME = "$(TARGET_NAME)";
				SWIFT_VERSION = 5.0;
				TARGETED_DEVICE_FAMILY = "1,2";
			};
			name = Release;
		};
/* End XCBuildConfiguration section */

/* Begin XCConfigurationList section */
		2517666F25CDE57600F4A373 /* Build configuration list for PBXProject "SDapp" */ = {
			isa = XCConfigurationList;
			buildConfigurations = (
				2517668625CDE57700F4A373 /* Debug */,
				2517668725CDE57700F4A373 /* Release */,
			);
			defaultConfigurationIsVisible = 0;
			defaultConfigurationName = Release;
		};
		2517668825CDE57700F4A373 /* Build configuration list for PBXNativeTarget "SDapp" */ = {
			isa = XCConfigurationList;
			buildConfigurations = (
				2517668925CDE57700F4A373 /* Debug */,
				2517668A25CDE57700F4A373 /* Release */,
			);
			defaultConfigurationIsVisible = 0;
			defaultConfigurationName = Release;
		};
/* End XCConfigurationList section */
	};
	rootObject = 2517666C25CDE57600F4A373 /* Project object */;
}
